SITE
  remote: https://supermarket.getchef.com/api/v1
  specs:
    homebrew (5.0.8)

GIT
  remote: https://github.com/carsomyr/chef-plist
  path: vendor/cookbooks/plist
  ref: master
  sha: b66cf5a243c26b33a8e822c69fd5beb20bf60836
  specs:
    plist (0.9.4)

GIT
  remote: https://github.com/chef-rbenv/ruby_rbenv
  ref: master
  sha: a1a87b6a10e56828307669507bee3f37e46ba082
  specs:
    ruby_rbenv (2.3.0)

PATH
  remote: vendor/cookbooks/os-bootstrap
  specs:
    os-bootstrap (0.9.0)
      homebrew (>= 0.0.0)
      plist (>= 0.0.0)
      ruby_rbenv (>= 0.0.0)

DEPENDENCIES
  os-bootstrap (>= 0)
  plist (>= 0)
  ruby_rbenv (>= 0)

